
Microsoft Visual Studio Solution File, Format Version 12.00
Project("{FAE04EC0-301F-11D3-BF4B-00C04F79EFBC}") = "Resolver", "Resolver\Resolver.csproj", "{5968293F-7F27-4970-BD1D-498D744AC51E}"
EndProject
Project("{FAE04EC0-301F-11D3-BF4B-00C04F79EFBC}") = "ResolverConsole", "ResolverConsole\ResolverConsole.csproj", "{489C7A0F-2F89-4CDA-AE0B-4934376B8483}"
EndProject
Global
	GlobalSection(SolutionConfigurationPlatforms) = preSolution
		Debug|Any CPU = Debug|Any CPU
		Release|Any CPU = Release|Any CPU
	EndGlobalSection
	GlobalSection(ProjectConfigurationPlatforms) = postSolution
		{5968293F-7F27-4970-BD1D-498D744AC51E}.Debug|Any CPU.ActiveCfg = Debug|Any CPU
		{5968293F-7F27-4970-BD1D-498D744AC51E}.Debug|Any CPU.Build.0 = Debug|Any CPU
		{5968293F-7F27-4970-BD1D-498D744AC51E}.Release|Any CPU.ActiveCfg = Release|Any CPU
		{5968293F-7F27-4970-BD1D-498D744AC51E}.Release|Any CPU.Build.0 = Release|Any CPU
		{489C7A0F-2F89-4CDA-AE0B-4934376B8483}.Debug|Any CPU.ActiveCfg = Debug|Any CPU
		{489C7A0F-2F89-4CDA-AE0B-4934376B8483}.Debug|Any CPU.Build.0 = Debug|Any CPU
		{489C7A0F-2F89-4CDA-AE0B-4934376B8483}.Release|Any CPU.ActiveCfg = Release|Any CPU
		{489C7A0F-2F89-4CDA-AE0B-4934376B8483}.Release|Any CPU.Build.0 = Release|Any CPU
	EndGlobalSection
EndGlobal
